{
  "name": "be-exportable",
  "version": "0.0.4",
  "lockfileVersion": 2,
  "requires": true,
  "packages": {
    "": {
      "name": "be-exportable",
      "version": "0.0.4",
      "license": "MIT",
      "dependencies": {
        "be-decorated": "0.0.56",
        "be-hive": "0.0.15"
      }
    },
    "node_modules/be-decorated": {
      "version": "0.0.56",
      "resolved": "https://registry.npmjs.org/be-decorated/-/be-decorated-0.0.56.tgz",
      "integrity": "sha512-GJ/gNic2C/CeLEy/SuBKMkeSUPTwcaZzhGK7fR5VZvwW8BOkpVSXWTxszlliPfniIGU+odKHf7/sm6M8pGUSYQ==",
      "dependencies": {
        "trans-render": "0.0.441",
        "xtal-element": "0.0.456"
      }
    },
    "node_modules/be-hive": {
      "version": "0.0.15",
      "resolved": "https://registry.npmjs.org/be-hive/-/be-hive-0.0.15.tgz",
      "integrity": "sha512-CZV4SwYCRfFnDxUr5soa70SxGocvLbYBUj0a7wu3tTMhQSMN5gcilxTfDUTufcuw1HXSoP+aujBXZwJgc8wuxA==",
      "dependencies": {
        "xtal-element": "0.0.456"
      }
    },
    "node_modules/trans-render": {
      "version": "0.0.441",
      "resolved": "https://registry.npmjs.org/trans-render/-/trans-render-0.0.441.tgz",
      "integrity": "sha512-eCuKciY45cPcKgbfjiiivYp0eVQRI+nDLwch7x3N+d1nP+2XP3F/eltVHQmrFeiPIVNBk589tTCESC1mAlf1Dg=="
    },
    "node_modules/xtal-element": {
      "version": "0.0.456",
      "resolved": "https://registry.npmjs.org/xtal-element/-/xtal-element-0.0.456.tgz",
      "integrity": "sha512-Uj/lW9cLhPAFKba3dz39oQIDYqtwiOu9m6rNkh2n23NmCCVl2BsGlXfd0h42OfP3wQVLLFdgmMXwqIFDUiluOQ==",
      "dependencies": {
        "trans-render": "0.0.441"
      }
    }
  },
  "dependencies": {
    "be-decorated": {
      "version": "0.0.56",
      "resolved": "https://registry.npmjs.org/be-decorated/-/be-decorated-0.0.56.tgz",
      "integrity": "sha512-GJ/gNic2C/CeLEy/SuBKMkeSUPTwcaZzhGK7fR5VZvwW8BOkpVSXWTxszlliPfniIGU+odKHf7/sm6M8pGUSYQ==",
      "requires": {
        "trans-render": "0.0.441",
        "xtal-element": "0.0.456"
      }
    },
    "be-hive": {
      "version": "0.0.15",
      "resolved": "https://registry.npmjs.org/be-hive/-/be-hive-0.0.15.tgz",
      "integrity": "sha512-CZV4SwYCRfFnDxUr5soa70SxGocvLbYBUj0a7wu3tTMhQSMN5gcilxTfDUTufcuw1HXSoP+aujBXZwJgc8wuxA==",
      "requires": {
        "xtal-element": "0.0.456"
      }
    },
    "trans-render": {
      "version": "0.0.441",
      "resolved": "https://registry.npmjs.org/trans-render/-/trans-render-0.0.441.tgz",
      "integrity": "sha512-eCuKciY45cPcKgbfjiiivYp0eVQRI+nDLwch7x3N+d1nP+2XP3F/eltVHQmrFeiPIVNBk589tTCESC1mAlf1Dg=="
    },
    "xtal-element": {
      "version": "0.0.456",
      "resolved": "https://registry.npmjs.org/xtal-element/-/xtal-element-0.0.456.tgz",
      "integrity": "sha512-Uj/lW9cLhPAFKba3dz39oQIDYqtwiOu9m6rNkh2n23NmCCVl2BsGlXfd0h42OfP3wQVLLFdgmMXwqIFDUiluOQ==",
      "requires": {
        "trans-render": "0.0.441"
      }
    }
  }
}
